{
  "name": "image-swiper",
  "version": "0.4.0",
  "lockfileVersion": 2,
  "requires": true,
  "packages": {
    "": {
      "name": "image-swiper",
      "version": "0.4.0",
      "license": "MIT",
      "dependencies": {
        "swiper": "^7.2.0"
      }
    },
    "node_modules/dom7": {
      "version": "4.0.1",
      "resolved": "https://registry.npmmirror.com/dom7/download/dom7-4.0.1.tgz",
      "integrity": "sha1-ghIJ3xv9+X3YK1FW5Q98tms/Fmw=",
      "license": "MIT",
      "dependencies": {
        "ssr-window": "^4.0.0"
      }
    },
    "node_modules/ssr-window": {
      "version": "4.0.1",
      "resolved": "https://registry.npmmirror.com/ssr-window/download/ssr-window-4.0.1.tgz",
      "integrity": "sha1-UUvyyoGVL2P+iOiwxiOiP5D3/rM=",
      "license": "MIT"
    },
    "node_modules/swiper": {
      "version": "7.2.0",
      "resolved": "https://registry.npmjs.org/swiper/-/swiper-7.2.0.tgz",
      "integrity": "sha512-CUL6Nvzcf3fU0b8dHaraYphgBT7l44PY1B6T8b+E12pim4DEcwFZDy/KZoIKrAnn+rfbayCmcksYmSDIP5nDHg==",
      "funding": [
        {
          "type": "patreon",
          "url": "https://www.patreon.com/swiperjs"
        },
        {
          "type": "open_collective",
          "url": "http://opencollective.com/swiper"
        }
      ],
      "hasInstallScript": true,
      "dependencies": {
        "dom7": "^4.0.1",
        "ssr-window": "^4.0.1"
      },
      "engines": {
        "node": ">= 4.7.0"
      }
    }
  },
  "dependencies": {
    "dom7": {
      "version": "4.0.1",
      "resolved": "https://registry.npmmirror.com/dom7/download/dom7-4.0.1.tgz",
      "integrity": "sha1-ghIJ3xv9+X3YK1FW5Q98tms/Fmw=",
      "requires": {
        "ssr-window": "^4.0.0"
      }
    },
    "ssr-window": {
      "version": "4.0.1",
      "resolved": "https://registry.npmmirror.com/ssr-window/download/ssr-window-4.0.1.tgz",
      "integrity": "sha1-UUvyyoGVL2P+iOiwxiOiP5D3/rM="
    },
    "swiper": {
      "version": "7.2.0",
      "resolved": "https://registry.npmjs.org/swiper/-/swiper-7.2.0.tgz",
      "integrity": "sha512-CUL6Nvzcf3fU0b8dHaraYphgBT7l44PY1B6T8b+E12pim4DEcwFZDy/KZoIKrAnn+rfbayCmcksYmSDIP5nDHg==",
      "requires": {
        "dom7": "^4.0.1",
        "ssr-window": "^4.0.1"
      }
    }
  }
}
